
Microsoft Visual Studio Solution File, Format Version 12.00
# Visual Studio Version 16
VisualStudioVersion = 16.0.30907.101
MinimumVisualStudioVersion = 10.0.40219.1
Project("{FAE04EC0-301F-11D3-BF4B-00C04F79EFBC}") = "SeniorProject", "SeniorProject\SeniorProject.csproj", "{849AB3BB-DDFD-452B-93FE-AA0DE5C59813}"
EndProject
Global
	GlobalSection(SolutionConfigurationPlatforms) = preSolution
		Debug|Any CPU = Debug|Any CPU
		Release|Any CPU = Release|Any CPU
	EndGlobalSection
	GlobalSection(ProjectConfigurationPlatforms) = postSolution
		{849AB3BB-DDFD-452B-93FE-AA0DE5C59813}.Debug|Any CPU.ActiveCfg = Debug|Any CPU
		{849AB3BB-DDFD-452B-93FE-AA0DE5C59813}.Debug|Any CPU.Build.0 = Debug|Any CPU
		{849AB3BB-DDFD-452B-93FE-AA0DE5C59813}.Release|Any CPU.ActiveCfg = Release|Any CPU
		{849AB3BB-DDFD-452B-93FE-AA0DE5C59813}.Release|Any CPU.Build.0 = Release|Any CPU
	EndGlobalSection
	GlobalSection(SolutionProperties) = preSolution
		HideSolutionNode = FALSE
	EndGlobalSection
	GlobalSection(ExtensibilityGlobals) = postSolution
		SolutionGuid = {931715D8-4EBD-462F-9703-69606E8E8CF4}
	EndGlobalSection
EndGlobal
